
Microsoft Visual Studio Solution File, Format Version 12.00
# Visual Studio Version 17
VisualStudioVersion = 17.0.31912.275
MinimumVisualStudioVersion = 10.0.40219.1
Project("{60dc8134-eba5-43b8-bcc9-bb4bc16c2548}") = "GLLRV.DesktopApp", "GLLRV.DesktopApp\GLLRV.DesktopApp.csproj", "{5F6E8D19-FA2C-4D2F-9C8A-2CF1D7A3B775}"
EndProject
Global
    GlobalSection(SolutionConfigurationPlatforms) = preSolution
        Debug|Any CPU = Debug|Any CPU
        Release|Any CPU = Release|Any CPU
    EndGlobalSection
    GlobalSection(ProjectConfigurationPlatforms) = postSolution
        {5F6E8D19-FA2C-4D2F-9C8A-2CF1D7A3B775}.Debug|Any CPU.ActiveCfg = Debug|Any CPU
        {5F6E8D19-FA2C-4D2F-9C8A-2CF1D7A3B775}.Debug|Any CPU.Build.0 = Debug|Any CPU
        {5F6E8D19-FA2C-4D2F-9C8A-2CF1D7A3B775}.Release|Any CPU.ActiveCfg = Release|Any CPU
        {5F6E8D19-FA2C-4D2F-9C8A-2CF1D7A3B775}.Release|Any CPU.Build.0 = Release|Any CPU
    EndGlobalSection
EndGlobal
